<?xml version="1.0" encoding="utf-8"?>
<Project ToolsVersion="4.0" xmlns="http://schemas.microsoft.com/developer/msbuild/2003">
  <ItemGroup>
    <Filter Include="src">
      <UniqueIdentifier>{e8dc20e5-aa2b-4ac3-a6c5-1c0907920fb1}</UniqueIdentifier>
    </Filter>
    <Filter Include="src\core">
      <UniqueIdentifier>{c30475a4-d20a-4993-a046-40221a41b5df}</UniqueIdentifier>
    </Filter>
  </ItemGroup>
  <ItemGroup>
    <ClCompile Include="src\core\memory.cpp">
      <Filter>src\core</Filter>
    </ClCompile>
    <ClCompile Include="src\pbrt.cpp">
      <Filter>src</Filter>
    </ClCompile>
    <ClCompile Include="src\core\shape.cpp">
      <Filter>src\core</Filter>
    </ClCompile>
    <ClCompile Include="src\core\geometry.cpp">
      <Filter>src\core</Filter>
    </ClCompile>
    <ClCompile Include="src\core\error.cpp">
      <Filter>src\core</Filter>
    </ClCompile>
    <ClCompile Include="src\core\progressreporter.cpp">
      <Filter>src\core</Filter>
    </ClCompile>
    <ClCompile Include="src\core\transform.cpp">
      <Filter>src\core</Filter>
    </ClCompile>
    <ClCompile Include="src\core\quaternion.cpp">
      <Filter>src\core</Filter>
    </ClCompile>
    <ClCompile Include="src\core\diffgeom.cpp">
      <Filter>src\core</Filter>
    </ClCompile>
  </ItemGroup>
  <ItemGroup>
    <ClInclude Include="src\core\memory.h">
      <Filter>src\core</Filter>
    </ClInclude>
    <ClInclude Include="src\core\parallel.h">
      <Filter>src\core</Filter>
    </ClInclude>
    <ClInclude Include="src\core\pbrt.h">
      <Filter>src\core</Filter>
    </ClInclude>
    <ClInclude Include="src\core\shape.h">
      <Filter>src\core</Filter>
    </ClInclude>
    <ClInclude Include="src\core\geometry.h">
      <Filter>src\core</Filter>
    </ClInclude>
    <ClInclude Include="src\core\error.h">
      <Filter>src\core</Filter>
    </ClInclude>
    <ClInclude Include="src\core\progressreporter.h">
      <Filter>src\core</Filter>
    </ClInclude>
    <ClInclude Include="src\core\transform.h">
      <Filter>src\core</Filter>
    </ClInclude>
    <ClInclude Include="src\core\quaternion.h">
      <Filter>src\core</Filter>
    </ClInclude>
    <ClInclude Include="src\core\diffgeom.h">
      <Filter>src\core</Filter>
    </ClInclude>
  </ItemGroup>
</Project>